
Microsoft Visual Studio Solution File, Format Version 12.00
# Visual Studio Version 17
VisualStudioVersion = 17.0.31611.283
MinimumVisualStudioVersion = 10.0.40219.1
Project("{9A19103F-16F7-4668-BE54-9A1E7A4F7556}") = "TapPlayer.Maui", "TapPlayer.Maui\TapPlayer.Maui.csproj", "{2E3AA782-C03C-434C-9952-569CF3101D24}"
EndProject
Project("{9A19103F-16F7-4668-BE54-9A1E7A4F7556}") = "TapPlayer.Core", "TapPlayer.Core\TapPlayer.Core.csproj", "{D3DC1EC2-322A-4553-B7A1-FE50C0FFCC15}"
EndProject
Project("{9A19103F-16F7-4668-BE54-9A1E7A4F7556}") = "TapPlayer.Data", "TapPlayer.Data\TapPlayer.Data.csproj", "{09E839C7-77DE-447E-AB2D-EF68830C0589}"
EndProject
Global
	GlobalSection(SolutionConfigurationPlatforms) = preSolution
		Debug|Any CPU = Debug|Any CPU
		Release|Any CPU = Release|Any CPU
	EndGlobalSection
	GlobalSection(ProjectConfigurationPlatforms) = postSolution
		{2E3AA782-C03C-434C-9952-569CF3101D24}.Debug|Any CPU.ActiveCfg = Debug|Any CPU
		{2E3AA782-C03C-434C-9952-569CF3101D24}.Debug|Any CPU.Build.0 = Debug|Any CPU
		{2E3AA782-C03C-434C-9952-569CF3101D24}.Debug|Any CPU.Deploy.0 = Debug|Any CPU
		{2E3AA782-C03C-434C-9952-569CF3101D24}.Release|Any CPU.ActiveCfg = Release|Any CPU
		{2E3AA782-C03C-434C-9952-569CF3101D24}.Release|Any CPU.Build.0 = Release|Any CPU
		{2E3AA782-C03C-434C-9952-569CF3101D24}.Release|Any CPU.Deploy.0 = Release|Any CPU
		{D3DC1EC2-322A-4553-B7A1-FE50C0FFCC15}.Debug|Any CPU.ActiveCfg = Debug|Any CPU
		{D3DC1EC2-322A-4553-B7A1-FE50C0FFCC15}.Debug|Any CPU.Build.0 = Debug|Any CPU
		{D3DC1EC2-322A-4553-B7A1-FE50C0FFCC15}.Release|Any CPU.ActiveCfg = Release|Any CPU
		{D3DC1EC2-322A-4553-B7A1-FE50C0FFCC15}.Release|Any CPU.Build.0 = Release|Any CPU
		{09E839C7-77DE-447E-AB2D-EF68830C0589}.Debug|Any CPU.ActiveCfg = Debug|Any CPU
		{09E839C7-77DE-447E-AB2D-EF68830C0589}.Debug|Any CPU.Build.0 = Debug|Any CPU
		{09E839C7-77DE-447E-AB2D-EF68830C0589}.Release|Any CPU.ActiveCfg = Release|Any CPU
		{09E839C7-77DE-447E-AB2D-EF68830C0589}.Release|Any CPU.Build.0 = Release|Any CPU
	EndGlobalSection
	GlobalSection(SolutionProperties) = preSolution
		HideSolutionNode = FALSE
	EndGlobalSection
	GlobalSection(ExtensibilityGlobals) = postSolution
			SolutionGuid = {8A64A005-17D6-474F-AD2A-DD930136F325}
			SolutionGuid = {61F7FB11-1E47-470C-91E2-47F8143E1572}
	EndGlobalSection
EndGlobal
